
Microsoft Visual Studio Solution File, Format Version 12.00
# Visual Studio Version 17
VisualStudioVersion = 17.2.32616.157
MinimumVisualStudioVersion = 10.0.40219.1
Project("{9A19103F-16F7-4668-BE54-9A1E7A4F7556}") = "Cafeteria Order", "Cafeteria Order\Cafeteria Order.csproj", "{BA8B284E-3AE4-4FC2-B5CD-31E4CD7A5737}"
EndProject
Project("{9A19103F-16F7-4668-BE54-9A1E7A4F7556}") = "CafeteriaOrders.data", "CafeteriaOrders.data\CafeteriaOrders.data.csproj", "{7E91BF99-6FB9-42BA-9588-8B84AF8CE2BA}"
EndProject
Project("{9A19103F-16F7-4668-BE54-9A1E7A4F7556}") = "CafeteriaOrders.logic", "CafeteriaOrders.logic\CafeteriaOrders.logic.csproj", "{FDDBED76-792C-456B-8330-1D2A6B15F789}"
EndProject
Project("{9A19103F-16F7-4668-BE54-9A1E7A4F7556}") = "CafeteriaOrders.Service", "Service\CafeteriaOrders.Service.csproj", "{BC049D1A-F776-4841-B6AE-007988599169}"
EndProject
Project("{FAE04EC0-301F-11D3-BF4B-00C04F79EFBC}") = "CafeteriaOrders.UnitOfWork", "CafeteriaOrders.UnitOfWork\CafeteriaOrders.UnitOfWork.csproj", "{432D38AA-25DC-4642-9D0B-76DECC8C23E9}"
EndProject
Global
	GlobalSection(SolutionConfigurationPlatforms) = preSolution
		Debug|Any CPU = Debug|Any CPU
		Release|Any CPU = Release|Any CPU
	EndGlobalSection
	GlobalSection(ProjectConfigurationPlatforms) = postSolution
		{BA8B284E-3AE4-4FC2-B5CD-31E4CD7A5737}.Debug|Any CPU.ActiveCfg = Debug|Any CPU
		{BA8B284E-3AE4-4FC2-B5CD-31E4CD7A5737}.Debug|Any CPU.Build.0 = Debug|Any CPU
		{BA8B284E-3AE4-4FC2-B5CD-31E4CD7A5737}.Release|Any CPU.ActiveCfg = Release|Any CPU
		{BA8B284E-3AE4-4FC2-B5CD-31E4CD7A5737}.Release|Any CPU.Build.0 = Release|Any CPU
		{7E91BF99-6FB9-42BA-9588-8B84AF8CE2BA}.Debug|Any CPU.ActiveCfg = Debug|Any CPU
		{7E91BF99-6FB9-42BA-9588-8B84AF8CE2BA}.Debug|Any CPU.Build.0 = Debug|Any CPU
		{7E91BF99-6FB9-42BA-9588-8B84AF8CE2BA}.Release|Any CPU.ActiveCfg = Release|Any CPU
		{7E91BF99-6FB9-42BA-9588-8B84AF8CE2BA}.Release|Any CPU.Build.0 = Release|Any CPU
		{FDDBED76-792C-456B-8330-1D2A6B15F789}.Debug|Any CPU.ActiveCfg = Debug|Any CPU
		{FDDBED76-792C-456B-8330-1D2A6B15F789}.Debug|Any CPU.Build.0 = Debug|Any CPU
		{FDDBED76-792C-456B-8330-1D2A6B15F789}.Release|Any CPU.ActiveCfg = Release|Any CPU
		{FDDBED76-792C-456B-8330-1D2A6B15F789}.Release|Any CPU.Build.0 = Release|Any CPU
		{BC049D1A-F776-4841-B6AE-007988599169}.Debug|Any CPU.ActiveCfg = Debug|Any CPU
		{BC049D1A-F776-4841-B6AE-007988599169}.Debug|Any CPU.Build.0 = Debug|Any CPU
		{BC049D1A-F776-4841-B6AE-007988599169}.Release|Any CPU.ActiveCfg = Release|Any CPU
		{BC049D1A-F776-4841-B6AE-007988599169}.Release|Any CPU.Build.0 = Release|Any CPU
		{432D38AA-25DC-4642-9D0B-76DECC8C23E9}.Debug|Any CPU.ActiveCfg = Debug|Any CPU
		{432D38AA-25DC-4642-9D0B-76DECC8C23E9}.Debug|Any CPU.Build.0 = Debug|Any CPU
		{432D38AA-25DC-4642-9D0B-76DECC8C23E9}.Release|Any CPU.ActiveCfg = Release|Any CPU
		{432D38AA-25DC-4642-9D0B-76DECC8C23E9}.Release|Any CPU.Build.0 = Release|Any CPU
	EndGlobalSection
	GlobalSection(SolutionProperties) = preSolution
		HideSolutionNode = FALSE
	EndGlobalSection
	GlobalSection(ExtensibilityGlobals) = postSolution
		SolutionGuid = {9130CCB9-7026-4BA5-A5B4-7FDF6C8C824D}
	EndGlobalSection
EndGlobal
