
Microsoft Visual Studio Solution File, Format Version 12.00
# Visual Studio Version 17
VisualStudioVersion = 17.2.32616.157
MinimumVisualStudioVersion = 10.0.40219.1
Project("{FAE04EC0-301F-11D3-BF4B-00C04F79EFBC}") = "Cafeteria Order", "Cafeteria Order\Cafeteria Order.csproj", "{BA8B284E-3AE4-4FC2-B5CD-31E4CD7A5737}"
EndProject
Project("{FAE04EC0-301F-11D3-BF4B-00C04F79EFBC}") = "CafeteriaOrders.data", "CafeteriaOrders.data\CafeteriaOrders.data.csproj", "{7E91BF99-6FB9-42BA-9588-8B84AF8CE2BA}"
EndProject
Global
	GlobalSection(SolutionConfigurationPlatforms) = preSolution
		Debug|Any CPU = Debug|Any CPU
		Release|Any CPU = Release|Any CPU
	EndGlobalSection
	GlobalSection(ProjectConfigurationPlatforms) = postSolution
		{BA8B284E-3AE4-4FC2-B5CD-31E4CD7A5737}.Debug|Any CPU.ActiveCfg = Debug|Any CPU
		{BA8B284E-3AE4-4FC2-B5CD-31E4CD7A5737}.Debug|Any CPU.Build.0 = Debug|Any CPU
		{BA8B284E-3AE4-4FC2-B5CD-31E4CD7A5737}.Release|Any CPU.ActiveCfg = Release|Any CPU
		{BA8B284E-3AE4-4FC2-B5CD-31E4CD7A5737}.Release|Any CPU.Build.0 = Release|Any CPU
		{7E91BF99-6FB9-42BA-9588-8B84AF8CE2BA}.Debug|Any CPU.ActiveCfg = Debug|Any CPU
		{7E91BF99-6FB9-42BA-9588-8B84AF8CE2BA}.Debug|Any CPU.Build.0 = Debug|Any CPU
		{7E91BF99-6FB9-42BA-9588-8B84AF8CE2BA}.Release|Any CPU.ActiveCfg = Release|Any CPU
		{7E91BF99-6FB9-42BA-9588-8B84AF8CE2BA}.Release|Any CPU.Build.0 = Release|Any CPU
	EndGlobalSection
	GlobalSection(SolutionProperties) = preSolution
		HideSolutionNode = FALSE
	EndGlobalSection
	GlobalSection(ExtensibilityGlobals) = postSolution
		SolutionGuid = {9130CCB9-7026-4BA5-A5B4-7FDF6C8C824D}
	EndGlobalSection
EndGlobal
